<?xml version="1.0" encoding="utf-8"?>
<Project ToolsVersion="4.0" xmlns="http://schemas.microsoft.com/developer/msbuild/2003">
  <ItemGroup>
    <Filter Include="리소스 파일">
      <UniqueIdentifier>{67DA6AB6-F800-4c08-8B7A-83BB121AAD01}</UniqueIdentifier>
      <Extensions>rc;ico;cur;bmp;dlg;rc2;rct;bin;rgs;gif;jpg;jpeg;jpe;resx;tiff;tif;png;wav;mfcribbon-ms</Extensions>
    </Filter>
    <Filter Include="Default">
      <UniqueIdentifier>{5634d3aa-e11e-45e7-a99c-d3f6b887ba73}</UniqueIdentifier>
    </Filter>
    <Filter Include="Engine">
      <UniqueIdentifier>{652a8e6f-1574-4a8a-a2c2-94c5b8e8a552}</UniqueIdentifier>
    </Filter>
    <Filter Include="Engine\Core">
      <UniqueIdentifier>{2c1c7313-f198-4f2d-8305-4067e7c15167}</UniqueIdentifier>
    </Filter>
    <Filter Include="Engine\Core\Manager">
      <UniqueIdentifier>{da461139-9a20-48c4-b6da-f50a290decd9}</UniqueIdentifier>
    </Filter>
    <Filter Include="Engine\Core\System">
      <UniqueIdentifier>{16795796-f385-4153-9394-2d1c74424fa8}</UniqueIdentifier>
    </Filter>
    <Filter Include="Engine\Core\Main">
      <UniqueIdentifier>{9437e338-832b-4769-b602-70609c5063ac}</UniqueIdentifier>
    </Filter>
    <Filter Include="Engine\Game">
      <UniqueIdentifier>{3c3e53cf-ccdb-4555-8ba3-38403395026a}</UniqueIdentifier>
    </Filter>
    <Filter Include="Engine\Game\Component">
      <UniqueIdentifier>{a553132a-bcff-4e78-a9c2-612adf1bb26d}</UniqueIdentifier>
    </Filter>
    <Filter Include="Engine\Game\Resource">
      <UniqueIdentifier>{95c312cd-3f98-4fe0-abda-ed2943b7c6e1}</UniqueIdentifier>
    </Filter>
    <Filter Include="Engine\Core\Utile">
      <UniqueIdentifier>{446b1c1e-67e6-4c35-8998-55099d2fb16b}</UniqueIdentifier>
    </Filter>
    <Filter Include="Engine\Core\Header">
      <UniqueIdentifier>{3472eb4b-767c-4373-85db-c5684d88bf2b}</UniqueIdentifier>
    </Filter>
    <Filter Include="Engine\Game\Scene">
      <UniqueIdentifier>{960db737-9d74-446f-b69b-7b62db312315}</UniqueIdentifier>
    </Filter>
    <Filter Include="Engine\Core\Manager\Header">
      <UniqueIdentifier>{b2721b06-f75c-4d71-a96b-cbd9912457d2}</UniqueIdentifier>
    </Filter>
    <Filter Include="Engine\Game\Object">
      <UniqueIdentifier>{332dd891-bf7e-441b-be2c-4f627ab1c1a0}</UniqueIdentifier>
    </Filter>
    <Filter Include="Engine\Core\Network">
      <UniqueIdentifier>{62574de1-6fee-439f-b5d7-51b99e9d9584}</UniqueIdentifier>
    </Filter>
    <Filter Include="Engine\Game\Packet">
      <UniqueIdentifier>{52b2fd01-83ee-4385-99e0-031c96052b6b}</UniqueIdentifier>
    </Filter>
    <Filter Include="Engine\Game\Component\InitializeScene">
      <UniqueIdentifier>{19494902-4b42-429c-9dbd-6015de27536a}</UniqueIdentifier>
    </Filter>
    <Filter Include="Engine\Game\Object\InitializeScene">
      <UniqueIdentifier>{380fb597-cb0b-4aaa-8da4-6db04beb3b8d}</UniqueIdentifier>
    </Filter>
    <Filter Include="Engine\Game\Component\Network">
      <UniqueIdentifier>{ea89bb40-8b79-4c46-8cfd-37864f70fbc7}</UniqueIdentifier>
    </Filter>
  </ItemGroup>
  <ItemGroup>
    <ClInclude Include="targetver.h">
      <Filter>Default</Filter>
    </ClInclude>
    <ClInclude Include="framework.h">
      <Filter>Default</Filter>
    </ClInclude>
    <ClInclude Include="Resource.h">
      <Filter>Default</Filter>
    </ClInclude>
    <ClInclude Include="Core.h">
      <Filter>Engine\Core\Main</Filter>
    </ClInclude>
    <ClInclude Include="BaseWindow.h">
      <Filter>Engine\Core\Main</Filter>
    </ClInclude>
    <ClInclude Include="Texture.h">
      <Filter>Engine\Game\Resource</Filter>
    </ClInclude>
    <ClInclude Include="Scene.h">
      <Filter>Engine\Core\System</Filter>
    </ClInclude>
    <ClInclude Include="Object.h">
      <Filter>Engine\Core\System</Filter>
    </ClInclude>
    <ClInclude Include="Component.h">
      <Filter>Engine\Core\System</Filter>
    </ClInclude>
    <ClInclude Include="ResourceBase.h">
      <Filter>Engine\Core\System</Filter>
    </ClInclude>
    <ClInclude Include="Animation.h">
      <Filter>Engine\Game\Component</Filter>
    </ClInclude>
    <ClInclude Include="Animator.h">
      <Filter>Engine\Game\Component</Filter>
    </ClInclude>
    <ClInclude Include="Collider.h">
      <Filter>Engine\Game\Component</Filter>
    </ClInclude>
    <ClInclude Include="GDISelector.h">
      <Filter>Engine\Core\Utile</Filter>
    </ClInclude>
    <ClInclude Include="pch.h">
      <Filter>Engine\Core\Header</Filter>
    </ClInclude>
    <ClInclude Include="Define.h">
      <Filter>Engine\Core\Header</Filter>
    </ClInclude>
    <ClInclude Include="Enums.h">
      <Filter>Engine\Core\Header</Filter>
    </ClInclude>
    <ClInclude Include="Vector2.h">
      <Filter>Engine\Core\Header</Filter>
    </ClInclude>
    <ClInclude Include="InitializeScene.h">
      <Filter>Engine\Game\Scene</Filter>
    </ClInclude>
    <ClInclude Include="CollisionManager.h">
      <Filter>Engine\Core\Manager\Header</Filter>
    </ClInclude>
    <ClInclude Include="EventManager.h">
      <Filter>Engine\Core\Manager\Header</Filter>
    </ClInclude>
    <ClInclude Include="InputManager.h">
      <Filter>Engine\Core\Manager\Header</Filter>
    </ClInclude>
    <ClInclude Include="ResourceManager.h">
      <Filter>Engine\Core\Manager\Header</Filter>
    </ClInclude>
    <ClInclude Include="SceneManager.h">
      <Filter>Engine\Core\Manager\Header</Filter>
    </ClInclude>
    <ClInclude Include="TimeManager.h">
      <Filter>Engine\Core\Manager\Header</Filter>
    </ClInclude>
    <ClInclude Include="NetworkManager.h">
      <Filter>Engine\Core\Network</Filter>
    </ClInclude>
    <ClInclude Include="config.h">
      <Filter>Engine\Core\Header</Filter>
    </ClInclude>
    <ClInclude Include="Session.h">
      <Filter>Engine\Core\Network</Filter>
    </ClInclude>
    <ClInclude Include="PacketFactory.h">
      <Filter>Engine\Core\Network</Filter>
    </ClInclude>
    <ClInclude Include="PacketUtility.h">
      <Filter>Engine\Core\Network</Filter>
    </ClInclude>
    <ClInclude Include="Packet.h">
      <Filter>Engine\Core\Network</Filter>
    </ClInclude>
    <ClInclude Include="InitPacket.h">
      <Filter>Engine\Game\Packet</Filter>
    </ClInclude>
    <ClInclude Include="Packets.h">
      <Filter>Engine\Core\Header</Filter>
    </ClInclude>
    <ClInclude Include="Button.h">
      <Filter>Engine\Game\Component</Filter>
    </ClInclude>
    <ClInclude Include="ImageButton.h">
      <Filter>Engine\Game\Object</Filter>
    </ClInclude>
    <ClInclude Include="MatchingPacket.h">
      <Filter>Engine\Game\Packet</Filter>
    </ClInclude>
  </ItemGroup>
  <ItemGroup>
    <ClCompile Include="ResourceManager.cpp">
      <Filter>Engine\Core\Manager</Filter>
    </ClCompile>
    <ClCompile Include="SceneManager.cpp">
      <Filter>Engine\Core\Manager</Filter>
    </ClCompile>
    <ClCompile Include="TimeManager.cpp">
      <Filter>Engine\Core\Manager</Filter>
    </ClCompile>
    <ClCompile Include="InputManager.cpp">
      <Filter>Engine\Core\Manager</Filter>
    </ClCompile>
    <ClCompile Include="CollisionManager.cpp">
      <Filter>Engine\Core\Manager</Filter>
    </ClCompile>
    <ClCompile Include="EventManager.cpp">
      <Filter>Engine\Core\Manager</Filter>
    </ClCompile>
    <ClCompile Include="Core.cpp">
      <Filter>Engine\Core\Main</Filter>
    </ClCompile>
    <ClCompile Include="main.cpp">
      <Filter>Engine\Core\Main</Filter>
    </ClCompile>
    <ClCompile Include="Animation.cpp">
      <Filter>Engine\Game\Component</Filter>
    </ClCompile>
    <ClCompile Include="Animator.cpp">
      <Filter>Engine\Game\Component</Filter>
    </ClCompile>
    <ClCompile Include="Collider.cpp">
      <Filter>Engine\Game\Component</Filter>
    </ClCompile>
    <ClCompile Include="BaseWindow.cpp">
      <Filter>Engine\Core\Main</Filter>
    </ClCompile>
    <ClCompile Include="ResourceBase.cpp">
      <Filter>Engine\Core\System</Filter>
    </ClCompile>
    <ClCompile Include="Scene.cpp">
      <Filter>Engine\Core\System</Filter>
    </ClCompile>
    <ClCompile Include="Object.cpp">
      <Filter>Engine\Core\System</Filter>
    </ClCompile>
    <ClCompile Include="Component.cpp">
      <Filter>Engine\Core\System</Filter>
    </ClCompile>
    <ClCompile Include="Texture.cpp">
      <Filter>Engine\Game\Resource</Filter>
    </ClCompile>
    <ClCompile Include="GDISelector.cpp">
      <Filter>Engine\Core\Utile</Filter>
    </ClCompile>
    <ClCompile Include="InitializeScene.cpp">
      <Filter>Engine\Game\Scene</Filter>
    </ClCompile>
    <ClCompile Include="NetworkManager.cpp">
      <Filter>Engine\Core\Network</Filter>
    </ClCompile>
    <ClCompile Include="Session.cpp">
      <Filter>Engine\Core\Network</Filter>
    </ClCompile>
    <ClCompile Include="PacketFactory.cpp">
      <Filter>Engine\Core\Network</Filter>
    </ClCompile>
    <ClCompile Include="InitPacket.cpp">
      <Filter>Engine\Game\Packet</Filter>
    </ClCompile>
    <ClCompile Include="Button.cpp">
      <Filter>Engine\Game\Component</Filter>
    </ClCompile>
    <ClCompile Include="Vector2.cpp">
      <Filter>Engine\Core\Header</Filter>
    </ClCompile>
    <ClCompile Include="ImageButton.cpp">
      <Filter>Engine\Game\Object</Filter>
    </ClCompile>
    <ClCompile Include="MatchingPacket.cpp">
      <Filter>Engine\Game\Packet</Filter>
    </ClCompile>
  </ItemGroup>
  <ItemGroup>
    <ResourceCompile Include="Game.rc">
      <Filter>리소스 파일</Filter>
    </ResourceCompile>
  </ItemGroup>
  <ItemGroup>
    <Image Include="small.ico">
      <Filter>리소스 파일</Filter>
    </Image>
    <Image Include="Game.ico">
      <Filter>리소스 파일</Filter>
    </Image>
  </ItemGroup>
  <ItemGroup>
    <None Include="ClassDiagram.cd" />
    <None Include="ClassDiagram1.cd" />
  </ItemGroup>
</Project>