
Microsoft Visual Studio Solution File, Format Version 12.00
# Visual Studio Version 17
VisualStudioVersion = 17.10.35013.160
MinimumVisualStudioVersion = 10.0.40219.1
Project("{FAE04EC0-301F-11D3-BF4B-00C04F79EFBC}") = "Network_Example_Server", "Network_Example_Server\Network_Example_Server.csproj", "{0DA1831B-666F-4AFA-84F5-82C9912D2BDD}"
EndProject
Global
	GlobalSection(SolutionConfigurationPlatforms) = preSolution
		Debug|Any CPU = Debug|Any CPU
		Release|Any CPU = Release|Any CPU
	EndGlobalSection
	GlobalSection(ProjectConfigurationPlatforms) = postSolution
		{0DA1831B-666F-4AFA-84F5-82C9912D2BDD}.Debug|Any CPU.ActiveCfg = Debug|Any CPU
		{0DA1831B-666F-4AFA-84F5-82C9912D2BDD}.Debug|Any CPU.Build.0 = Debug|Any CPU
		{0DA1831B-666F-4AFA-84F5-82C9912D2BDD}.Release|Any CPU.ActiveCfg = Release|Any CPU
		{0DA1831B-666F-4AFA-84F5-82C9912D2BDD}.Release|Any CPU.Build.0 = Release|Any CPU
	EndGlobalSection
	GlobalSection(SolutionProperties) = preSolution
		HideSolutionNode = FALSE
	EndGlobalSection
	GlobalSection(ExtensibilityGlobals) = postSolution
		SolutionGuid = {576DE4E3-4016-4A97-9353-4C086E78AEAE}
	EndGlobalSection
EndGlobal
