
Microsoft Visual Studio Solution File, Format Version 12.00
# Visual Studio Version 17
VisualStudioVersion = 17.9.34622.214
MinimumVisualStudioVersion = 10.0.40219.1
Project("{FAE04EC0-301F-11D3-BF4B-00C04F79EFBC}") = "Server", "Server\Server.csproj", "{5A880467-B35B-4B01-8BDD-5BFE60BDD671}"
EndProject
Global
	GlobalSection(SolutionConfigurationPlatforms) = preSolution
		Debug|Any CPU = Debug|Any CPU
		Release|Any CPU = Release|Any CPU
	EndGlobalSection
	GlobalSection(ProjectConfigurationPlatforms) = postSolution
		{5A880467-B35B-4B01-8BDD-5BFE60BDD671}.Debug|Any CPU.ActiveCfg = Debug|Any CPU
		{5A880467-B35B-4B01-8BDD-5BFE60BDD671}.Debug|Any CPU.Build.0 = Debug|Any CPU
		{5A880467-B35B-4B01-8BDD-5BFE60BDD671}.Release|Any CPU.ActiveCfg = Release|Any CPU
		{5A880467-B35B-4B01-8BDD-5BFE60BDD671}.Release|Any CPU.Build.0 = Release|Any CPU
	EndGlobalSection
	GlobalSection(SolutionProperties) = preSolution
		HideSolutionNode = FALSE
	EndGlobalSection
	GlobalSection(ExtensibilityGlobals) = postSolution
		SolutionGuid = {53651B48-F293-47AD-8F2B-2DB06706DC46}
	EndGlobalSection
EndGlobal
