Microsoft Visual Studio Solution File, Format Version 12.00
# Visual Studio Version 17
VisualStudioVersion = 17.5.2.0
MinimumVisualStudioVersion = 10.0.40219.1
Project("{FAE04EC0-301F-11D3-BF4B-00C04F79EFBC}") = "Donet", "Donet.csproj", "{886BBC74-B08E-5E81-18E0-B5331C63E078}"
EndProject
Global
	GlobalSection(SolutionConfigurationPlatforms) = preSolution
		Debug|Any CPU = Debug|Any CPU
		Release|Any CPU = Release|Any CPU
	EndGlobalSection
	GlobalSection(ProjectConfigurationPlatforms) = postSolution
		{886BBC74-B08E-5E81-18E0-B5331C63E078}.Debug|Any CPU.ActiveCfg = Debug|Any CPU
		{886BBC74-B08E-5E81-18E0-B5331C63E078}.Debug|Any CPU.Build.0 = Debug|Any CPU
		{886BBC74-B08E-5E81-18E0-B5331C63E078}.Release|Any CPU.ActiveCfg = Release|Any CPU
		{886BBC74-B08E-5E81-18E0-B5331C63E078}.Release|Any CPU.Build.0 = Release|Any CPU
	EndGlobalSection
	GlobalSection(SolutionProperties) = preSolution
		HideSolutionNode = FALSE
	EndGlobalSection
	GlobalSection(ExtensibilityGlobals) = postSolution
		SolutionGuid = {BBF609AF-6174-4B4A-BB6D-FBDCAD117888}
	EndGlobalSection
EndGlobal
