
Microsoft Visual Studio Solution File, Format Version 12.00
# Visual Studio Version 17
VisualStudioVersion = 17.10.35013.160
MinimumVisualStudioVersion = 10.0.40219.1
Project("{FAE04EC0-301F-11D3-BF4B-00C04F79EFBC}") = "ChatServer", "ChatServer\ChatServer.csproj", "{F06B9804-CF7B-4741-93C2-E74A60ED42C0}"
EndProject
Global
	GlobalSection(SolutionConfigurationPlatforms) = preSolution
		Debug|Any CPU = Debug|Any CPU
		Release|Any CPU = Release|Any CPU
	EndGlobalSection
	GlobalSection(ProjectConfigurationPlatforms) = postSolution
		{F06B9804-CF7B-4741-93C2-E74A60ED42C0}.Debug|Any CPU.ActiveCfg = Debug|Any CPU
		{F06B9804-CF7B-4741-93C2-E74A60ED42C0}.Debug|Any CPU.Build.0 = Debug|Any CPU
		{F06B9804-CF7B-4741-93C2-E74A60ED42C0}.Release|Any CPU.ActiveCfg = Release|Any CPU
		{F06B9804-CF7B-4741-93C2-E74A60ED42C0}.Release|Any CPU.Build.0 = Release|Any CPU
	EndGlobalSection
	GlobalSection(SolutionProperties) = preSolution
		HideSolutionNode = FALSE
	EndGlobalSection
	GlobalSection(ExtensibilityGlobals) = postSolution
		SolutionGuid = {80AE7DEA-77E1-4E92-82C7-E5010AE22188}
	EndGlobalSection
EndGlobal
