
Microsoft Visual Studio Solution File, Format Version 12.00
# Visual Studio Version 17
VisualStudioVersion = 17.9.34622.214
MinimumVisualStudioVersion = 10.0.40219.1
Project("{9A19103F-16F7-4668-BE54-9A1E7A4F7556}") = "Donet", "Donet\Donet.csproj", "{7FC3F540-7552-41FA-844C-C10F09039BB9}"
EndProject
Project("{FAE04EC0-301F-11D3-BF4B-00C04F79EFBC}") = "Server", "Server\Server.csproj", "{DE0B2AF7-EBFE-4708-82D5-BF380DA38EB8}"
EndProject
Project("{FAE04EC0-301F-11D3-BF4B-00C04F79EFBC}") = "Client", "Client\Client.csproj", "{269A8E04-80B5-4A24-B783-4218723A1587}"
EndProject
Global
	GlobalSection(SolutionConfigurationPlatforms) = preSolution
		Debug|Any CPU = Debug|Any CPU
		Release|Any CPU = Release|Any CPU
	EndGlobalSection
	GlobalSection(ProjectConfigurationPlatforms) = postSolution
		{7FC3F540-7552-41FA-844C-C10F09039BB9}.Debug|Any CPU.ActiveCfg = Debug|Any CPU
		{7FC3F540-7552-41FA-844C-C10F09039BB9}.Debug|Any CPU.Build.0 = Debug|Any CPU
		{7FC3F540-7552-41FA-844C-C10F09039BB9}.Release|Any CPU.ActiveCfg = Release|Any CPU
		{7FC3F540-7552-41FA-844C-C10F09039BB9}.Release|Any CPU.Build.0 = Release|Any CPU
		{DE0B2AF7-EBFE-4708-82D5-BF380DA38EB8}.Debug|Any CPU.ActiveCfg = Debug|Any CPU
		{DE0B2AF7-EBFE-4708-82D5-BF380DA38EB8}.Debug|Any CPU.Build.0 = Debug|Any CPU
		{DE0B2AF7-EBFE-4708-82D5-BF380DA38EB8}.Release|Any CPU.ActiveCfg = Release|Any CPU
		{DE0B2AF7-EBFE-4708-82D5-BF380DA38EB8}.Release|Any CPU.Build.0 = Release|Any CPU
		{269A8E04-80B5-4A24-B783-4218723A1587}.Debug|Any CPU.ActiveCfg = Debug|Any CPU
		{269A8E04-80B5-4A24-B783-4218723A1587}.Debug|Any CPU.Build.0 = Debug|Any CPU
		{269A8E04-80B5-4A24-B783-4218723A1587}.Release|Any CPU.ActiveCfg = Release|Any CPU
		{269A8E04-80B5-4A24-B783-4218723A1587}.Release|Any CPU.Build.0 = Release|Any CPU
	EndGlobalSection
	GlobalSection(SolutionProperties) = preSolution
		HideSolutionNode = FALSE
	EndGlobalSection
	GlobalSection(ExtensibilityGlobals) = postSolution
		SolutionGuid = {CC105E29-B4FC-42F9-96F8-DE2D9955475B}
	EndGlobalSection
EndGlobal
