
Microsoft Visual Studio Solution File, Format Version 12.00
# Visual Studio Version 17
VisualStudioVersion = 17.10.35013.160
MinimumVisualStudioVersion = 10.0.40219.1
Project("{9A19103F-16F7-4668-BE54-9A1E7A4F7556}") = "ThreadLife", "ThreadLife\ThreadLife.csproj", "{7C4496CF-BBA3-4C93-A2EC-370868A39934}"
EndProject
Project("{FAE04EC0-301F-11D3-BF4B-00C04F79EFBC}") = "SendData", "SendData\SendData.csproj", "{0432368A-F5A0-49CC-987E-5FDC1C41E8E5}"
EndProject
Project("{FAE04EC0-301F-11D3-BF4B-00C04F79EFBC}") = "ReceiveData", "ReceiveData\ReceiveData.csproj", "{3614F56D-DBF6-47BA-A283-7B5C11571F50}"
EndProject
Global
	GlobalSection(SolutionConfigurationPlatforms) = preSolution
		Debug|Any CPU = Debug|Any CPU
		Release|Any CPU = Release|Any CPU
	EndGlobalSection
	GlobalSection(ProjectConfigurationPlatforms) = postSolution
		{7C4496CF-BBA3-4C93-A2EC-370868A39934}.Debug|Any CPU.ActiveCfg = Debug|Any CPU
		{7C4496CF-BBA3-4C93-A2EC-370868A39934}.Debug|Any CPU.Build.0 = Debug|Any CPU
		{7C4496CF-BBA3-4C93-A2EC-370868A39934}.Release|Any CPU.ActiveCfg = Release|Any CPU
		{7C4496CF-BBA3-4C93-A2EC-370868A39934}.Release|Any CPU.Build.0 = Release|Any CPU
		{0432368A-F5A0-49CC-987E-5FDC1C41E8E5}.Debug|Any CPU.ActiveCfg = Debug|Any CPU
		{0432368A-F5A0-49CC-987E-5FDC1C41E8E5}.Debug|Any CPU.Build.0 = Debug|Any CPU
		{0432368A-F5A0-49CC-987E-5FDC1C41E8E5}.Release|Any CPU.ActiveCfg = Release|Any CPU
		{0432368A-F5A0-49CC-987E-5FDC1C41E8E5}.Release|Any CPU.Build.0 = Release|Any CPU
		{3614F56D-DBF6-47BA-A283-7B5C11571F50}.Debug|Any CPU.ActiveCfg = Debug|Any CPU
		{3614F56D-DBF6-47BA-A283-7B5C11571F50}.Debug|Any CPU.Build.0 = Debug|Any CPU
		{3614F56D-DBF6-47BA-A283-7B5C11571F50}.Release|Any CPU.ActiveCfg = Release|Any CPU
		{3614F56D-DBF6-47BA-A283-7B5C11571F50}.Release|Any CPU.Build.0 = Release|Any CPU
	EndGlobalSection
	GlobalSection(SolutionProperties) = preSolution
		HideSolutionNode = FALSE
	EndGlobalSection
	GlobalSection(ExtensibilityGlobals) = postSolution
		SolutionGuid = {D255C275-3239-4284-91F5-5325FF99F4C4}
	EndGlobalSection
EndGlobal
