<?xml version="1.0" encoding="utf-8"?>
<Project ToolsVersion="4.0" xmlns="http://schemas.microsoft.com/developer/msbuild/2003">
  <ItemGroup>
    <Filter Include="Core">
      <UniqueIdentifier>{4b8fc112-3e98-4461-926d-d8f84f294810}</UniqueIdentifier>
    </Filter>
    <Filter Include="Server">
      <UniqueIdentifier>{902275fc-65ea-47e0-9028-f75041074718}</UniqueIdentifier>
    </Filter>
    <Filter Include="Game">
      <UniqueIdentifier>{205b9ed6-5f71-4735-bb9c-e9e3f9bf6197}</UniqueIdentifier>
    </Filter>
    <Filter Include="Game\Network">
      <UniqueIdentifier>{ec97de93-b08f-47ae-b6b9-1d704447dcac}</UniqueIdentifier>
    </Filter>
    <Filter Include="Server\Packet">
      <UniqueIdentifier>{a189aa18-37e8-453b-aac8-d3f2c68b634a}</UniqueIdentifier>
    </Filter>
    <Filter Include="Game\Packet">
      <UniqueIdentifier>{338672be-3f0d-4339-bbf1-d80bf07bc97e}</UniqueIdentifier>
    </Filter>
  </ItemGroup>
  <ItemGroup>
    <ClCompile Include="Server.cpp">
      <Filter>Core</Filter>
    </ClCompile>
    <ClCompile Include="PacketFactory.cpp">
      <Filter>Core</Filter>
    </ClCompile>
    <ClCompile Include="InitPacket.cpp">
      <Filter>Server\Packet</Filter>
    </ClCompile>
    <ClCompile Include="Session.cpp">
      <Filter>Server</Filter>
    </ClCompile>
    <ClCompile Include="SocketServer.cpp">
      <Filter>Server</Filter>
    </ClCompile>
    <ClCompile Include="MatchingPacket.cpp">
      <Filter>Server\Packet</Filter>
    </ClCompile>
    <ClCompile Include="GameManager.cpp">
      <Filter>Game\Network</Filter>
    </ClCompile>
    <ClCompile Include="GameRoom.cpp">
      <Filter>Game\Network</Filter>
    </ClCompile>
    <ClCompile Include="NetworkObject.cpp">
      <Filter>Game\Network</Filter>
    </ClCompile>
    <ClCompile Include="GameEndPacket.cpp">
      <Filter>Game\Packet</Filter>
    </ClCompile>
    <ClCompile Include="GameStartPacket.cpp">
      <Filter>Game\Packet</Filter>
    </ClCompile>
  </ItemGroup>
  <ItemGroup>
    <ClInclude Include="config.h">
      <Filter>Core</Filter>
    </ClInclude>
    <ClInclude Include="Packet.h">
      <Filter>Core</Filter>
    </ClInclude>
    <ClInclude Include="PacketFactory.h">
      <Filter>Core</Filter>
    </ClInclude>
    <ClInclude Include="PacketUtility.h">
      <Filter>Core</Filter>
    </ClInclude>
    <ClInclude Include="InitPacket.h">
      <Filter>Server\Packet</Filter>
    </ClInclude>
    <ClInclude Include="Session.h">
      <Filter>Server</Filter>
    </ClInclude>
    <ClInclude Include="SocketServer.h">
      <Filter>Server</Filter>
    </ClInclude>
    <ClInclude Include="Packets.h">
      <Filter>Core</Filter>
    </ClInclude>
    <ClInclude Include="MatchingPacket.h">
      <Filter>Server\Packet</Filter>
    </ClInclude>
    <ClInclude Include="NetworkObject.h">
      <Filter>Game\Network</Filter>
    </ClInclude>
    <ClInclude Include="GameManager.h">
      <Filter>Game\Network</Filter>
    </ClInclude>
    <ClInclude Include="GameRoom.h">
      <Filter>Game\Network</Filter>
    </ClInclude>
    <ClInclude Include="netobject.h">
      <Filter>Core</Filter>
    </ClInclude>
    <ClInclude Include="GameStartPacket.h">
      <Filter>Game\Packet</Filter>
    </ClInclude>
    <ClInclude Include="GameEndPacket.h">
      <Filter>Game\Packet</Filter>
    </ClInclude>
  </ItemGroup>
  <ItemGroup>
    <None Include="ClassDiagram.cd" />
  </ItemGroup>
</Project>