
Microsoft Visual Studio Solution File, Format Version 12.00
# Visual Studio Version 17
VisualStudioVersion = 17.13.35913.81
MinimumVisualStudioVersion = 10.0.40219.1
Project("{FAE04EC0-301F-11D3-BF4B-00C04F79EFBC}") = "Donet", "Donet\Donet.csproj", "{201EEB76-BAE0-4336-A5F4-E0C588144AED}"
EndProject
Project("{FAE04EC0-301F-11D3-BF4B-00C04F79EFBC}") = "Test", "Test\Test.csproj", "{AD915EFE-BD1A-4C24-8F1F-43EC6BB6CF49}"
EndProject
Project("{FAE04EC0-301F-11D3-BF4B-00C04F79EFBC}") = "ChattingServer", "ChattingServer\ChattingServer.csproj", "{A0BBE176-4353-4FD8-9898-0DD6DD9AD7F1}"
EndProject
Project("{FAE04EC0-301F-11D3-BF4B-00C04F79EFBC}") = "ChattingClient", "ChattingClient\ChattingClient.csproj", "{4DEDA71D-FD97-4D34-9365-916ADDF32306}"
EndProject
Global
	GlobalSection(SolutionConfigurationPlatforms) = preSolution
		Debug|Any CPU = Debug|Any CPU
		Release|Any CPU = Release|Any CPU
	EndGlobalSection
	GlobalSection(ProjectConfigurationPlatforms) = postSolution
		{201EEB76-BAE0-4336-A5F4-E0C588144AED}.Debug|Any CPU.ActiveCfg = Debug|Any CPU
		{201EEB76-BAE0-4336-A5F4-E0C588144AED}.Debug|Any CPU.Build.0 = Debug|Any CPU
		{201EEB76-BAE0-4336-A5F4-E0C588144AED}.Release|Any CPU.ActiveCfg = Release|Any CPU
		{201EEB76-BAE0-4336-A5F4-E0C588144AED}.Release|Any CPU.Build.0 = Release|Any CPU
		{AD915EFE-BD1A-4C24-8F1F-43EC6BB6CF49}.Debug|Any CPU.ActiveCfg = Debug|Any CPU
		{AD915EFE-BD1A-4C24-8F1F-43EC6BB6CF49}.Debug|Any CPU.Build.0 = Debug|Any CPU
		{AD915EFE-BD1A-4C24-8F1F-43EC6BB6CF49}.Release|Any CPU.ActiveCfg = Release|Any CPU
		{AD915EFE-BD1A-4C24-8F1F-43EC6BB6CF49}.Release|Any CPU.Build.0 = Release|Any CPU
		{A0BBE176-4353-4FD8-9898-0DD6DD9AD7F1}.Debug|Any CPU.ActiveCfg = Debug|Any CPU
		{A0BBE176-4353-4FD8-9898-0DD6DD9AD7F1}.Debug|Any CPU.Build.0 = Debug|Any CPU
		{A0BBE176-4353-4FD8-9898-0DD6DD9AD7F1}.Release|Any CPU.ActiveCfg = Release|Any CPU
		{A0BBE176-4353-4FD8-9898-0DD6DD9AD7F1}.Release|Any CPU.Build.0 = Release|Any CPU
		{4DEDA71D-FD97-4D34-9365-916ADDF32306}.Debug|Any CPU.ActiveCfg = Debug|Any CPU
		{4DEDA71D-FD97-4D34-9365-916ADDF32306}.Debug|Any CPU.Build.0 = Debug|Any CPU
		{4DEDA71D-FD97-4D34-9365-916ADDF32306}.Release|Any CPU.ActiveCfg = Release|Any CPU
		{4DEDA71D-FD97-4D34-9365-916ADDF32306}.Release|Any CPU.Build.0 = Release|Any CPU
	EndGlobalSection
	GlobalSection(SolutionProperties) = preSolution
		HideSolutionNode = FALSE
	EndGlobalSection
	GlobalSection(ExtensibilityGlobals) = postSolution
		SolutionGuid = {1154CFE3-9680-40FD-88F5-9FAC029FEC31}
	EndGlobalSection
EndGlobal
